// !$*UTF8*$!
{
	archiveVersion = 1;
	classes = {
	};
	objectVersion = 50;
	objects = {

/* Begin PBXBuildFile section */
		F11032D9219D367200EC3224 /* AppDelegate.swift in Sources */ = {isa = PBXBuildFile; fileRef = F11032D8219D367200EC3224 /* AppDelegate.swift */; };
		F11032DE219D367200EC3224 /* Main.storyboard in Resources */ = {isa = PBXBuildFile; fileRef = F11032DC219D367200EC3224 /* Main.storyboard */; };
		F11032E1219D367200EC3224 /* MyMemory.xcdatamodeld in Sources */ = {isa = PBXBuildFile; fileRef = F11032DF219D367200EC3224 /* MyMemory.xcdatamodeld */; };
		F11032E3219D367300EC3224 /* Assets.xcassets in Resources */ = {isa = PBXBuildFile; fileRef = F11032E2219D367300EC3224 /* Assets.xcassets */; };
		F11032E6219D367300EC3224 /* LaunchScreen.storyboard in Resources */ = {isa = PBXBuildFile; fileRef = F11032E4219D367300EC3224 /* LaunchScreen.storyboard */; };
		F18D59E1219E874F0099BC7E /* MemoListVC.swift in Sources */ = {isa = PBXBuildFile; fileRef = F18D59E0219E874F0099BC7E /* MemoListVC.swift */; };
		F18D59E5219E87A30099BC7E /* MemoFormVC.swift in Sources */ = {isa = PBXBuildFile; fileRef = F18D59E4219E87A30099BC7E /* MemoFormVC.swift */; };
		F18D59E7219E87B20099BC7E /* MemoReadVC.swift in Sources */ = {isa = PBXBuildFile; fileRef = F18D59E6219E87B20099BC7E /* MemoReadVC.swift */; };
		F18D59E9219E88410099BC7E /* MemoCell.swift in Sources */ = {isa = PBXBuildFile; fileRef = F18D59E8219E88410099BC7E /* MemoCell.swift */; };
		F18D59EB219E88860099BC7E /* MemoData.swift in Sources */ = {isa = PBXBuildFile; fileRef = F18D59EA219E88860099BC7E /* MemoData.swift */; };
/* End PBXBuildFile section */

/* Begin PBXFileReference section */
		F11032D5219D367200EC3224 /* MyMemory.app */ = {isa = PBXFileReference; explicitFileType = wrapper.application; includeInIndex = 0; path = MyMemory.app; sourceTree = BUILT_PRODUCTS_DIR; };
		F11032D8219D367200EC3224 /* AppDelegate.swift */ = {isa = PBXFileReference; lastKnownFileType = sourcecode.swift; path = AppDelegate.swift; sourceTree = "<group>"; };
		F11032DD219D367200EC3224 /* Base */ = {isa = PBXFileReference; lastKnownFileType = file.storyboard; name = Base; path = Base.lproj/Main.storyboard; sourceTree = "<group>"; };
		F11032E0219D367200EC3224 /* MyMemory.xcdatamodel */ = {isa = PBXFileReference; lastKnownFileType = wrapper.xcdatamodel; path = MyMemory.xcdatamodel; sourceTree = "<group>"; };
		F11032E2219D367300EC3224 /* Assets.xcassets */ = {isa = PBXFileReference; lastKnownFileType = folder.assetcatalog; path = Assets.xcassets; sourceTree = "<group>"; };
		F11032E5219D367300EC3224 /* Base */ = {isa = PBXFileReference; lastKnownFileType = file.storyboard; name = Base; path = Base.lproj/LaunchScreen.storyboard; sourceTree = "<group>"; };
		F11032E7219D367300EC3224 /* Info.plist */ = {isa = PBXFileReference; lastKnownFileType = text.plist.xml; path = Info.plist; sourceTree = "<group>"; };
		F18D59E0219E874F0099BC7E /* MemoListVC.swift */ = {isa = PBXFileReference; lastKnownFileType = sourcecode.swift; path = MemoListVC.swift; sourceTree = "<group>"; };
		F18D59E4219E87A30099BC7E /* MemoFormVC.swift */ = {isa = PBXFileReference; lastKnownFileType = sourcecode.swift; path = MemoFormVC.swift; sourceTree = "<group>"; };
		F18D59E6219E87B20099BC7E /* MemoReadVC.swift */ = {isa = PBXFileReference; lastKnownFileType = sourcecode.swift; path = MemoReadVC.swift; sourceTree = "<group>"; };
		F18D59E8219E88410099BC7E /* MemoCell.swift */ = {isa = PBXFileReference; lastKnownFileType = sourcecode.swift; path = MemoCell.swift; sourceTree = "<group>"; };
		F18D59EA219E88860099BC7E /* MemoData.swift */ = {isa = PBXFileReference; lastKnownFileType = sourcecode.swift; path = MemoData.swift; sourceTree = "<group>"; };
/* End PBXFileReference section */

/* Begin PBXFrameworksBuildPhase section */
		F11032D2219D367200EC3224 /* Frameworks */ = {
			isa = PBXFrameworksBuildPhase;
			buildActionMask = 2147483647;
			files = (
			);
			runOnlyForDeploymentPostprocessing = 0;
		};
/* End PBXFrameworksBuildPhase section */

/* Begin PBXGroup section */
		F11032CC219D367200EC3224 = {
			isa = PBXGroup;
			children = (
				F11032D7219D367200EC3224 /* MyMemory */,
				F11032D6219D367200EC3224 /* Products */,
			);
			sourceTree = "<group>";
		};
		F11032D6219D367200EC3224 /* Products */ = {
			isa = PBXGroup;
			children = (
				F11032D5219D367200EC3224 /* MyMemory.app */,
			);
			name = Products;
			sourceTree = "<group>";
		};
		F11032D7219D367200EC3224 /* MyMemory */ = {
			isa = PBXGroup;
			children = (
				F11032D8219D367200EC3224 /* AppDelegate.swift */,
				F11032DC219D367200EC3224 /* Main.storyboard */,
				F11032E2219D367300EC3224 /* Assets.xcassets */,
				F11032E4219D367300EC3224 /* LaunchScreen.storyboard */,
				F18D59E6219E87B20099BC7E /* MemoReadVC.swift */,
				F11032E7219D367300EC3224 /* Info.plist */,
				F18D59E4219E87A30099BC7E /* MemoFormVC.swift */,
				F18D59EA219E88860099BC7E /* MemoData.swift */,
				F18D59E8219E88410099BC7E /* MemoCell.swift */,
				F18D59E0219E874F0099BC7E /* MemoListVC.swift */,
				F11032DF219D367200EC3224 /* MyMemory.xcdatamodeld */,
			);
			path = MyMemory;
			sourceTree = "<group>";
		};
/* End PBXGroup section */

/* Begin PBXNativeTarget section */
		F11032D4219D367200EC3224 /* MyMemory */ = {
			isa = PBXNativeTarget;
			buildConfigurationList = F11032EA219D367300EC3224 /* Build configuration list for PBXNativeTarget "MyMemory" */;
			buildPhases = (
				F11032D1219D367200EC3224 /* Sources */,
				F11032D2219D367200EC3224 /* Frameworks */,
				F11032D3219D367200EC3224 /* Resources */,
			);
			buildRules = (
			);
			dependencies = (
			);
			name = MyMemory;
			productName = MyMemory;
			productReference = F11032D5219D367200EC3224 /* MyMemory.app */;
			productType = "com.apple.product-type.application";
		};
/* End PBXNativeTarget section */

/* Begin PBXProject section */
		F11032CD219D367200EC3224 /* Project object */ = {
			isa = PBXProject;
			attributes = {
				LastSwiftUpdateCheck = 1010;
				LastUpgradeCheck = 1010;
				ORGANIZATIONNAME = "Jayyoung Yang";
				TargetAttributes = {
					F11032D4219D367200EC3224 = {
						CreatedOnToolsVersion = 10.1;
					};
				};
			};
			buildConfigurationList = F11032D0219D367200EC3224 /* Build configuration list for PBXProject "MyMemory" */;
			compatibilityVersion = "Xcode 9.3";
			developmentRegion = en;
			hasScannedForEncodings = 0;
			knownRegions = (
				en,
				Base,
			);
			mainGroup = F11032CC219D367200EC3224;
			productRefGroup = F11032D6219D367200EC3224 /* Products */;
			projectDirPath = "";
			projectRoot = "";
			targets = (
				F11032D4219D367200EC3224 /* MyMemory */,
			);
		};
/* End PBXProject section */

/* Begin PBXResourcesBuildPhase section */
		F11032D3219D367200EC3224 /* Resources */ = {
			isa = PBXResourcesBuildPhase;
			buildActionMask = 2147483647;
			files = (
				F11032E6219D367300EC3224 /* LaunchScreen.storyboard in Resources */,
				F11032E3219D367300EC3224 /* Assets.xcassets in Resources */,
				F11032DE219D367200EC3224 /* Main.storyboard in Resources */,
			);
			runOnlyForDeploymentPostprocessing = 0;
		};
/* End PBXResourcesBuildPhase section */

/* Begin PBXSourcesBuildPhase section */
		F11032D1219D367200EC3224 /* Sources */ = {
			isa = PBXSourcesBuildPhase;
			buildActionMask = 2147483647;
			files = (
				F18D59E1219E874F0099BC7E /* MemoListVC.swift in Sources */,
				F18D59E7219E87B20099BC7E /* MemoReadVC.swift in Sources */,
				F11032E1219D367200EC3224 /* MyMemory.xcdatamodeld in Sources */,
				F18D59EB219E88860099BC7E /* MemoData.swift in Sources */,
				F18D59E5219E87A30099BC7E /* MemoFormVC.swift in Sources */,
				F11032D9219D367200EC3224 /* AppDelegate.swift in Sources */,
				F18D59E9219E88410099BC7E /* MemoCell.swift in Sources */,
			);
			runOnlyForDeploymentPostprocessing = 0;
		};
/* End PBXSourcesBuildPhase section */

/* Begin PBXVariantGroup section */
		F11032DC219D367200EC3224 /* Main.storyboard */ = {
			isa = PBXVariantGroup;
			children = (
				F11032DD219D367200EC3224 /* Base */,
			);
			name = Main.storyboard;
			sourceTree = "<group>";
		};
		F11032E4219D367300EC3224 /* LaunchScreen.storyboard */ = {
			isa = PBXVariantGroup;
			children = (
				F11032E5219D367300EC3224 /* Base */,
			);
			name = LaunchScreen.storyboard;
			sourceTree = "<group>";
		};
/* End PBXVariantGroup section */

/* Begin XCBuildConfiguration section */
		F11032E8219D367300EC3224 /* Debug */ = {
			isa = XCBuildConfiguration;
			buildSettings = {
				ALWAYS_SEARCH_USER_PATHS = NO;
				CLANG_ANALYZER_NONNULL = YES;
				CLANG_ANALYZER_NUMBER_OBJECT_CONVERSION = YES_AGGRESSIVE;
				CLANG_CXX_LANGUAGE_STANDARD = "gnu++14";
				CLANG_CXX_LIBRARY = "libc++";
				CLANG_ENABLE_MODULES = YES;
				CLANG_ENABLE_OBJC_ARC = YES;
				CLANG_ENABLE_OBJC_WEAK = YES;
				CLANG_WARN_BLOCK_CAPTURE_AUTORELEASING = YES;
				CLANG_WARN_BOOL_CONVERSION = YES;
				CLANG_WARN_COMMA = YES;
				CLANG_WARN_CONSTANT_CONVERSION = YES;
				CLANG_WARN_DEPRECATED_OBJC_IMPLEMENTATIONS = YES;
				CLANG_WARN_DIRECT_OBJC_ISA_USAGE = YES_ERROR;
				CLANG_WARN_DOCUMENTATION_COMMENTS = YES;
				CLANG_WARN_EMPTY_BODY = YES;
				CLANG_WARN_ENUM_CONVERSION = YES;
				CLANG_WARN_INFINITE_RECURSION = YES;
				CLANG_WARN_INT_CONVERSION = YES;
				CLANG_WARN_NON_LITERAL_NULL_CONVERSION = YES;
				CLANG_WARN_OBJC_IMPLICIT_RETAIN_SELF = YES;
				CLANG_WARN_OBJC_LITERAL_CONVERSION = YES;
				CLANG_WARN_OBJC_ROOT_CLASS = YES_ERROR;
				CLANG_WARN_RANGE_LOOP_ANALYSIS = YES;
				CLANG_WARN_STRICT_PROTOTYPES = YES;
				CLANG_WARN_SUSPICIOUS_MOVE = YES;
				CLANG_WARN_UNGUARDED_AVAILABILITY = YES_AGGRESSIVE;
				CLANG_WARN_UNREACHABLE_CODE = YES;
				CLANG_WARN__DUPLICATE_METHOD_MATCH = YES;
				CODE_SIGN_IDENTITY = "iPhone Developer";
				COPY_PHASE_STRIP = NO;
				DEBUG_INFORMATION_FORMAT = dwarf;
				ENABLE_STRICT_OBJC_MSGSEND = YES;
				ENABLE_TESTABILITY = YES;
				GCC_C_LANGUAGE_STANDARD = gnu11;
				GCC_DYNAMIC_NO_PIC = NO;
				GCC_NO_COMMON_BLOCKS = YES;
				GCC_OPTIMIZATION_LEVEL = 0;
				GCC_PREPROCESSOR_DEFINITIONS = (
					"DEBUG=1",
					"$(inherited)",
				);
				GCC_WARN_64_TO_32_BIT_CONVERSION = YES;
				GCC_WARN_ABOUT_RETURN_TYPE = YES_ERROR;
				GCC_WARN_UNDECLARED_SELECTOR = YES;
				GCC_WARN_UNINITIALIZED_AUTOS = YES_AGGRESSIVE;
				GCC_WARN_UNUSED_FUNCTION = YES;
				GCC_WARN_UNUSED_VARIABLE = YES;
				IPHONEOS_DEPLOYMENT_TARGET = 12.1;
				MTL_ENABLE_DEBUG_INFO = INCLUDE_SOURCE;
				MTL_FAST_MATH = YES;
				ONLY_ACTIVE_ARCH = YES;
				SDKROOT = iphoneos;
				SWIFT_ACTIVE_COMPILATION_CONDITIONS = DEBUG;
				SWIFT_OPTIMIZATION_LEVEL = "-Onone";
			};
			name = Debug;
		};
		F11032E9219D367300EC3224 /* Release */ = {
			isa = XCBuildConfiguration;
			buildSettings = {
				ALWAYS_SEARCH_USER_PATHS = NO;
				CLANG_ANALYZER_NONNULL = YES;
				CLANG_ANALYZER_NUMBER_OBJECT_CONVERSION = YES_AGGRESSIVE;
				CLANG_CXX_LANGUAGE_STANDARD = "gnu++14";
				CLANG_CXX_LIBRARY = "libc++";
				CLANG_ENABLE_MODULES = YES;
				CLANG_ENABLE_OBJC_ARC = YES;
				CLANG_ENABLE_OBJC_WEAK = YES;
				CLANG_WARN_BLOCK_CAPTURE_AUTORELEASING = YES;
				CLANG_WARN_BOOL_CONVERSION = YES;
				CLANG_WARN_COMMA = YES;
				CLANG_WARN_CONSTANT_CONVERSION = YES;
				CLANG_WARN_DEPRECATED_OBJC_IMPLEMENTATIONS = YES;
				CLANG_WARN_DIRECT_OBJC_ISA_USAGE = YES_ERROR;
				CLANG_WARN_DOCUMENTATION_COMMENTS = YES;
				CLANG_WARN_EMPTY_BODY = YES;
				CLANG_WARN_ENUM_CONVERSION = YES;
				CLANG_WARN_INFINITE_RECURSION = YES;
				CLANG_WARN_INT_CONVERSION = YES;
				CLANG_WARN_NON_LITERAL_NULL_CONVERSION = YES;
				CLANG_WARN_OBJC_IMPLICIT_RETAIN_SELF = YES;
				CLANG_WARN_OBJC_LITERAL_CONVERSION = YES;
				CLANG_WARN_OBJC_ROOT_CLASS = YES_ERROR;
				CLANG_WARN_RANGE_LOOP_ANALYSIS = YES;
				CLANG_WARN_STRICT_PROTOTYPES = YES;
				CLANG_WARN_SUSPICIOUS_MOVE = YES;
				CLANG_WARN_UNGUARDED_AVAILABILITY = YES_AGGRESSIVE;
				CLANG_WARN_UNREACHABLE_CODE = YES;
				CLANG_WARN__DUPLICATE_METHOD_MATCH = YES;
				CODE_SIGN_IDENTITY = "iPhone Developer";
				COPY_PHASE_STRIP = NO;
				DEBUG_INFORMATION_FORMAT = "dwarf-with-dsym";
				ENABLE_NS_ASSERTIONS = NO;
				ENABLE_STRICT_OBJC_MSGSEND = YES;
				GCC_C_LANGUAGE_STANDARD = gnu11;
				GCC_NO_COMMON_BLOCKS = YES;
				GCC_WARN_64_TO_32_BIT_CONVERSION = YES;
				GCC_WARN_ABOUT_RETURN_TYPE = YES_ERROR;
				GCC_WARN_UNDECLARED_SELECTOR = YES;
				GCC_WARN_UNINITIALIZED_AUTOS = YES_AGGRESSIVE;
				GCC_WARN_UNUSED_FUNCTION = YES;
				GCC_WARN_UNUSED_VARIABLE = YES;
				IPHONEOS_DEPLOYMENT_TARGET = 12.1;
				MTL_ENABLE_DEBUG_INFO = NO;
				MTL_FAST_MATH = YES;
				SDKROOT = iphoneos;
				SWIFT_COMPILATION_MODE = wholemodule;
				SWIFT_OPTIMIZATION_LEVEL = "-O";
				VALIDATE_PRODUCT = YES;
			};
			name = Release;
		};
		F11032EB219D367300EC3224 /* Debug */ = {
			isa = XCBuildConfiguration;
			buildSettings = {
				ASSETCATALOG_COMPILER_APPICON_NAME = AppIcon;
				CODE_SIGN_STYLE = Automatic;
				DEVELOPMENT_TEAM = D9K66KVZ6Y;
				INFOPLIST_FILE = MyMemory/Info.plist;
				LD_RUNPATH_SEARCH_PATHS = (
					"$(inherited)",
					"@executable_path/Frameworks",
				);
				PRODUCT_BUNDLE_IDENTIFIER = kr.jay1103.MyMemory;
				PRODUCT_NAME = "$(TARGET_NAME)";
				SWIFT_VERSION = 4.2;
				TARGETED_DEVICE_FAMILY = "1,2";
			};
			name = Debug;
		};
		F11032EC219D367300EC3224 /* Release */ = {
			isa = XCBuildConfiguration;
			buildSettings = {
				ASSETCATALOG_COMPILER_APPICON_NAME = AppIcon;
				CODE_SIGN_STYLE = Automatic;
				DEVELOPMENT_TEAM = D9K66KVZ6Y;
				INFOPLIST_FILE = MyMemory/Info.plist;
				LD_RUNPATH_SEARCH_PATHS = (
					"$(inherited)",
					"@executable_path/Frameworks",
				);
				PRODUCT_BUNDLE_IDENTIFIER = kr.jay1103.MyMemory;
				PRODUCT_NAME = "$(TARGET_NAME)";
				SWIFT_VERSION = 4.2;
				TARGETED_DEVICE_FAMILY = "1,2";
			};
			name = Release;
		};
/* End XCBuildConfiguration section */

/* Begin XCConfigurationList section */
		F11032D0219D367200EC3224 /* Build configuration list for PBXProject "MyMemory" */ = {
			isa = XCConfigurationList;
			buildConfigurations = (
				F11032E8219D367300EC3224 /* Debug */,
				F11032E9219D367300EC3224 /* Release */,
			);
			defaultConfigurationIsVisible = 0;
			defaultConfigurationName = Release;
		};
		F11032EA219D367300EC3224 /* Build configuration list for PBXNativeTarget "MyMemory" */ = {
			isa = XCConfigurationList;
			buildConfigurations = (
				F11032EB219D367300EC3224 /* Debug */,
				F11032EC219D367300EC3224 /* Release */,
			);
			defaultConfigurationIsVisible = 0;
			defaultConfigurationName = Release;
		};
/* End XCConfigurationList section */

/* Begin XCVersionGroup section */
		F11032DF219D367200EC3224 /* MyMemory.xcdatamodeld */ = {
			isa = XCVersionGroup;
			children = (
				F11032E0219D367200EC3224 /* MyMemory.xcdatamodel */,
			);
			currentVersion = F11032E0219D367200EC3224 /* MyMemory.xcdatamodel */;
			path = MyMemory.xcdatamodeld;
			sourceTree = "<group>";
			versionGroupType = wrapper.xcdatamodel;
		};
/* End XCVersionGroup section */
	};
	rootObject = F11032CD219D367200EC3224 /* Project object */;
}
